Microsoft Visual Studio Solution File, Format Version 12.00
# Visual Studio Version 17
VisualStudioVersion = 17.13.35828.75
MinimumVisualStudioVersion = 10.0.40219.1
Project("{FAE04EC0-301F-11D3-BF4B-00C04F79EFBC}") = "WinFormsApp1_ListBoxProgram", "WinFormsApp1_ListBoxProgram\WinFormsApp1_ListBoxProgram.csproj", "{DB161D56-E777-4C30-B008-8A69FFB520A3}"
EndProject
Global
	GlobalSection(SolutionConfigurationPlatforms) = preSolution
		Debug|Any CPU = Debug|Any CPU
		Release|Any CPU = Release|Any CPU
	EndGlobalSection
	GlobalSection(ProjectConfigurationPlatforms) = postSolution
		{DB161D56-E777-4C30-B008-8A69FFB520A3}.Debug|Any CPU.ActiveCfg = Debug|Any CPU
		{DB161D56-E777-4C30-B008-8A69FFB520A3}.Debug|Any CPU.Build.0 = Debug|Any CPU
		{DB161D56-E777-4C30-B008-8A69FFB520A3}.Release|Any CPU.ActiveCfg = Release|Any CPU
		{DB161D56-E777-4C30-B008-8A69FFB520A3}.Release|Any CPU.Build.0 = Release|Any CPU
	EndGlobalSection
	GlobalSection(SolutionProperties) = preSolution
		HideSolutionNode = FALSE
	EndGlobalSection
	GlobalSection(ExtensibilityGlobals) = postSolution
		SolutionGuid = {2F7B420E-6E92-41DF-889E-36A272D76140}
	EndGlobalSection
EndGlobal
