Microsoft Visual Studio Solution File, Format Version 12.00
# Visual Studio Version 17
VisualStudioVersion = 17.13.35828.75
MinimumVisualStudioVersion = 10.0.40219.1
Project("{FAE04EC0-301F-11D3-BF4B-00C04F79EFBC}") = "WinFormsApp25_25-03-2025", "WinFormsApp25_25-03-2025\WinFormsApp25_25-03-2025.csproj", "{F5D9C12A-034C-491F-A2E4-15F931D82447}"
EndProject
Global
	GlobalSection(SolutionConfigurationPlatforms) = preSolution
		Debug|Any CPU = Debug|Any CPU
		Release|Any CPU = Release|Any CPU
	EndGlobalSection
	GlobalSection(ProjectConfigurationPlatforms) = postSolution
		{F5D9C12A-034C-491F-A2E4-15F931D82447}.Debug|Any CPU.ActiveCfg = Debug|Any CPU
		{F5D9C12A-034C-491F-A2E4-15F931D82447}.Debug|Any CPU.Build.0 = Debug|Any CPU
		{F5D9C12A-034C-491F-A2E4-15F931D82447}.Release|Any CPU.ActiveCfg = Release|Any CPU
		{F5D9C12A-034C-491F-A2E4-15F931D82447}.Release|Any CPU.Build.0 = Release|Any CPU
	EndGlobalSection
	GlobalSection(SolutionProperties) = preSolution
		HideSolutionNode = FALSE
	EndGlobalSection
	GlobalSection(ExtensibilityGlobals) = postSolution
		SolutionGuid = {92802437-A253-408D-8D71-FFE05D0BB0B2}
	EndGlobalSection
EndGlobal
